<?xml version="1.0" encoding="utf-8"?>
<Project ToolsVersion="4.0" xmlns="http://schemas.microsoft.com/developer/msbuild/2003">
  <ItemGroup>
    <Filter Include="input">
      <UniqueIdentifier>{B54AA90F-215F-D1C0-EAE0-742056B4CDF1}</UniqueIdentifier>
    </Filter>
  </ItemGroup>
  <ItemGroup>
    <ClInclude Include="src\gamepch.h" />
    <ClInclude Include="src\input\gameinputlayer.h">
      <Filter>input</Filter>
    </ClInclude>
    <ClInclude Include="src\main.h" />
  </ItemGroup>
  <ItemGroup>
    <ClCompile Include="src\gamepch.cpp" />
    <ClCompile Include="src\input\gameinputlayer.cpp">
      <Filter>input</Filter>
    </ClCompile>
    <ClCompile Include="src\main.cpp" />
  </ItemGroup>
</Project>