<?xml version="1.0" encoding="utf-8"?>
<Project ToolsVersion="4.0" xmlns="http://schemas.microsoft.com/developer/msbuild/2003">
  <ItemGroup>
    <Filter Include="debugtools">
      <UniqueIdentifier>{BD9F2D57-A957-6FA4-125F-4800FE350A95}</UniqueIdentifier>
    </Filter>
    <Filter Include="gl">
      <UniqueIdentifier>{F8775900-E403-880B-4DB2-880B395D880B}</UniqueIdentifier>
    </Filter>
    <Filter Include="input">
      <UniqueIdentifier>{B54AA90F-215F-D1C0-EAE0-742056B4CDF1}</UniqueIdentifier>
    </Filter>
    <Filter Include="tools">
      <UniqueIdentifier>{36DF7010-A2F3-98C1-6B75-3C21D74895F2}</UniqueIdentifier>
    </Filter>
    <Filter Include="ui">
      <UniqueIdentifier>{C3795900-AF05-880B-18B4-880B045F880B}</UniqueIdentifier>
    </Filter>
    <Filter Include="ui\docking">
      <UniqueIdentifier>{F1EE8A51-DDA6-CC9E-46AE-A5FA3285678F}</UniqueIdentifier>
    </Filter>
    <Filter Include="ui\windows">
      <UniqueIdentifier>{1DCFE1FA-0987-2348-728E-FCA35E65BE38}</UniqueIdentifier>
    </Filter>
  </ItemGroup>
  <ItemGroup>
    <ClInclude Include="src\debugtools\debugcolorcycle.h">
      <Filter>debugtools</Filter>
    </ClInclude>
    <ClInclude Include="src\gl\malletglutil.h">
      <Filter>gl</Filter>
    </ClInclude>
    <ClInclude Include="src\input\malletinputlayer.h">
      <Filter>input</Filter>
    </ClInclude>
    <ClInclude Include="src\main.h" />
    <ClInclude Include="src\malletpch.h" />
    <ClInclude Include="src\tools\mallettool.h">
      <Filter>tools</Filter>
    </ClInclude>
    <ClInclude Include="src\ui\docking\dockingleaf.h">
      <Filter>ui\docking</Filter>
    </ClInclude>
    <ClInclude Include="src\ui\docking\dockingsplit.h">
      <Filter>ui\docking</Filter>
    </ClInclude>
    <ClInclude Include="src\ui\docking\dockingtree.h">
      <Filter>ui\docking</Filter>
    </ClInclude>
    <ClInclude Include="src\ui\malletuisystem.h">
      <Filter>ui</Filter>
    </ClInclude>
    <ClInclude Include="src\ui\windows\malletwindow.h">
      <Filter>ui\windows</Filter>
    </ClInclude>
    <ClInclude Include="src\ui\windows\toolbar.h">
      <Filter>ui\windows</Filter>
    </ClInclude>
    <ClInclude Include="src\ui\windows\viewport.h">
      <Filter>ui\windows</Filter>
    </ClInclude>
    <ClInclude Include="src\ui\docking\dockingnode.h" />
  </ItemGroup>
  <ItemGroup>
    <ClCompile Include="src\gl\malletglutil.cpp">
      <Filter>gl</Filter>
    </ClCompile>
    <ClCompile Include="src\input\malletinputlayer.cpp">
      <Filter>input</Filter>
    </ClCompile>
    <ClCompile Include="src\main.cpp" />
    <ClCompile Include="src\malletpch.cpp" />
    <ClCompile Include="src\ui\docking\dockingtree.cpp">
      <Filter>ui\docking</Filter>
    </ClCompile>
    <ClCompile Include="src\ui\malletuisystem.cpp">
      <Filter>ui</Filter>
    </ClCompile>
    <ClCompile Include="src\ui\windows\malletwindow.cpp">
      <Filter>ui\windows</Filter>
    </ClCompile>
    <ClCompile Include="src\ui\windows\toolbar.cpp">
      <Filter>ui\windows</Filter>
    </ClCompile>
    <ClCompile Include="src\ui\windows\viewport.cpp">
      <Filter>ui\windows</Filter>
    </ClCompile>
  </ItemGroup>
</Project>